
Microsoft Visual Studio Solution File, Format Version 12.00
# Visual Studio 14
VisualStudioVersion = 14.0.25420.1
MinimumVisualStudioVersion = 10.0.40219.1
Project("{FAE04EC0-301F-11D3-BF4B-00C04F79EFBC}") = "AsadoManager.TestConsoleApp", "AsadoManager.TestConsoleApp\AsadoManager.TestConsoleApp.csproj", "{1E5B3A45-A590-4EBB-8E69-38815666F2B8}"
EndProject
Project("{FAE04EC0-301F-11D3-BF4B-00C04F79EFBC}") = "AsadoManager.UWPApp", "AsadoManager.UWPApp\AsadoManager.UWPApp.csproj", "{1CF6726F-EB34-4AD2-B5A3-F8D138552335}"
EndProject
Global
	GlobalSection(SolutionConfigurationPlatforms) = preSolution
		Debug|Any CPU = Debug|Any CPU
		Debug|ARM = Debug|ARM
		Debug|x64 = Debug|x64
		Debug|x86 = Debug|x86
		Release|Any CPU = Release|Any CPU
		Release|ARM = Release|ARM
		Release|x64 = Release|x64
		Release|x86 = Release|x86
	EndGlobalSection
	GlobalSection(ProjectConfigurationPlatforms) = postSolution
		{1E5B3A45-A590-4EBB-8E69-38815666F2B8}.Debug|Any CPU.ActiveCfg = Debug|Any CPU
		{1E5B3A45-A590-4EBB-8E69-38815666F2B8}.Debug|Any CPU.Build.0 = Debug|Any CPU
		{1E5B3A45-A590-4EBB-8E69-38815666F2B8}.Debug|ARM.ActiveCfg = Debug|Any CPU
		{1E5B3A45-A590-4EBB-8E69-38815666F2B8}.Debug|ARM.Build.0 = Debug|Any CPU
		{1E5B3A45-A590-4EBB-8E69-38815666F2B8}.Debug|x64.ActiveCfg = Debug|Any CPU
		{1E5B3A45-A590-4EBB-8E69-38815666F2B8}.Debug|x64.Build.0 = Debug|Any CPU
		{1E5B3A45-A590-4EBB-8E69-38815666F2B8}.Debug|x86.ActiveCfg = Debug|Any CPU
		{1E5B3A45-A590-4EBB-8E69-38815666F2B8}.Debug|x86.Build.0 = Debug|Any CPU
		{1E5B3A45-A590-4EBB-8E69-38815666F2B8}.Release|Any CPU.ActiveCfg = Release|Any CPU
		{1E5B3A45-A590-4EBB-8E69-38815666F2B8}.Release|Any CPU.Build.0 = Release|Any CPU
		{1E5B3A45-A590-4EBB-8E69-38815666F2B8}.Release|ARM.ActiveCfg = Release|Any CPU
		{1E5B3A45-A590-4EBB-8E69-38815666F2B8}.Release|ARM.Build.0 = Release|Any CPU
		{1E5B3A45-A590-4EBB-8E69-38815666F2B8}.Release|x64.ActiveCfg = Release|Any CPU
		{1E5B3A45-A590-4EBB-8E69-38815666F2B8}.Release|x64.Build.0 = Release|Any CPU
		{1E5B3A45-A590-4EBB-8E69-38815666F2B8}.Release|x86.ActiveCfg = Release|Any CPU
		{1E5B3A45-A590-4EBB-8E69-38815666F2B8}.Release|x86.Build.0 = Release|Any CPU
		{1CF6726F-EB34-4AD2-B5A3-F8D138552335}.Debug|Any CPU.ActiveCfg = Debug|x86
		{1CF6726F-EB34-4AD2-B5A3-F8D138552335}.Debug|ARM.ActiveCfg = Debug|ARM
		{1CF6726F-EB34-4AD2-B5A3-F8D138552335}.Debug|ARM.Build.0 = Debug|ARM
		{1CF6726F-EB34-4AD2-B5A3-F8D138552335}.Debug|ARM.Deploy.0 = Debug|ARM
		{1CF6726F-EB34-4AD2-B5A3-F8D138552335}.Debug|x64.ActiveCfg = Debug|x64
		{1CF6726F-EB34-4AD2-B5A3-F8D138552335}.Debug|x64.Build.0 = Debug|x64
		{1CF6726F-EB34-4AD2-B5A3-F8D138552335}.Debug|x64.Deploy.0 = Debug|x64
		{1CF6726F-EB34-4AD2-B5A3-F8D138552335}.Debug|x86.ActiveCfg = Debug|x86
		{1CF6726F-EB34-4AD2-B5A3-F8D138552335}.Debug|x86.Build.0 = Debug|x86
		{1CF6726F-EB34-4AD2-B5A3-F8D138552335}.Debug|x86.Deploy.0 = Debug|x86
		{1CF6726F-EB34-4AD2-B5A3-F8D138552335}.Release|Any CPU.ActiveCfg = Release|x86
		{1CF6726F-EB34-4AD2-B5A3-F8D138552335}.Release|ARM.ActiveCfg = Release|ARM
		{1CF6726F-EB34-4AD2-B5A3-F8D138552335}.Release|ARM.Build.0 = Release|ARM
		{1CF6726F-EB34-4AD2-B5A3-F8D138552335}.Release|ARM.Deploy.0 = Release|ARM
		{1CF6726F-EB34-4AD2-B5A3-F8D138552335}.Release|x64.ActiveCfg = Release|x64
		{1CF6726F-EB34-4AD2-B5A3-F8D138552335}.Release|x64.Build.0 = Release|x64
		{1CF6726F-EB34-4AD2-B5A3-F8D138552335}.Release|x64.Deploy.0 = Release|x64
		{1CF6726F-EB34-4AD2-B5A3-F8D138552335}.Release|x86.ActiveCfg = Release|x86
		{1CF6726F-EB34-4AD2-B5A3-F8D138552335}.Release|x86.Build.0 = Release|x86
		{1CF6726F-EB34-4AD2-B5A3-F8D138552335}.Release|x86.Deploy.0 = Release|x86
	EndGlobalSection
	GlobalSection(SolutionProperties) = preSolution
		HideSolutionNode = FALSE
	EndGlobalSection
EndGlobal
